// !$*UTF8*$!
{
	archiveVersion = 1;
	classes = {
	};
	objectVersion = 51;
	objects = {

/* Begin PBXBuildFile section */
		4A5669E31D002453BDE77C67 /* libPods-iPayment.a in Frameworks */ = {isa = PBXBuildFile; fileRef = E68036736865ACCACF96902E /* libPods-iPayment.a */; };
		FE1F53BB26FFDC1C00893621 /* GroupsViewModel.swift in Sources */ = {isa = PBXBuildFile; fileRef = FE1F53BA26FFDC1C00893621 /* GroupsViewModel.swift */; };
		FE1F53BD26FFDFA000893621 /* GroupModel.swift in Sources */ = {isa = PBXBuildFile; fileRef = FE1F53BC26FFDFA000893621 /* GroupModel.swift */; };
		FE1F53BF26FFE10D00893621 /* BaseListModel.swift in Sources */ = {isa = PBXBuildFile; fileRef = FE1F53BE26FFE10D00893621 /* BaseListModel.swift */; };
		FE1F53C227011ED900893621 /* BaseView.swift in Sources */ = {isa = PBXBuildFile; fileRef = FE1F53C127011ED900893621 /* BaseView.swift */; };
		FE1F53C4270120C700893621 /* BaseViewModel.swift in Sources */ = {isa = PBXBuildFile; fileRef = FE1F53C3270120C700893621 /* BaseViewModel.swift */; };
		FE1F53C72701252400893621 /* Api.swift in Sources */ = {isa = PBXBuildFile; fileRef = FE1F53C62701252400893621 /* Api.swift */; };
		FE1F53CA2703281700893621 /* GroupView.swift in Sources */ = {isa = PBXBuildFile; fileRef = FE1F53C92703281700893621 /* GroupView.swift */; };
		FE1F53CC2703287900893621 /* GroupViewModel.swift in Sources */ = {isa = PBXBuildFile; fileRef = FE1F53CB2703287900893621 /* GroupViewModel.swift */; };
		FE1F53CF27032A3A00893621 /* MainView.swift in Sources */ = {isa = PBXBuildFile; fileRef = FE1F53CE27032A3A00893621 /* MainView.swift */; };
		FE1F53D127032A6F00893621 /* MainViewModel.swift in Sources */ = {isa = PBXBuildFile; fileRef = FE1F53D027032A6F00893621 /* MainViewModel.swift */; };
		FE1F53D427032B5000893621 /* ProfileView.swift in Sources */ = {isa = PBXBuildFile; fileRef = FE1F53D327032B5000893621 /* ProfileView.swift */; };
		FE1F53D627032B5C00893621 /* ProfileViewModel.swift in Sources */ = {isa = PBXBuildFile; fileRef = FE1F53D527032B5C00893621 /* ProfileViewModel.swift */; };
		FE42339B2539CAD700C3AE0E /* GroupsView.swift in Sources */ = {isa = PBXBuildFile; fileRef = FE42339A2539CAD700C3AE0E /* GroupsView.swift */; };
		FE62791E2537619200ADC1A9 /* LoadingView.swift in Sources */ = {isa = PBXBuildFile; fileRef = FE62791D2537619200ADC1A9 /* LoadingView.swift */; };
		FE62AAD02714DFB8003308B9 /* GroupDetailsView.swift in Sources */ = {isa = PBXBuildFile; fileRef = FE62AACF2714DFB8003308B9 /* GroupDetailsView.swift */; };
		FE62AAD22714DFC8003308B9 /* GroupDetailsViewModel.swift in Sources */ = {isa = PBXBuildFile; fileRef = FE62AAD12714DFC8003308B9 /* GroupDetailsViewModel.swift */; };
		FE62AAD42714E063003308B9 /* GroupInfoView.swift in Sources */ = {isa = PBXBuildFile; fileRef = FE62AAD32714E063003308B9 /* GroupInfoView.swift */; };
		FE62AAD62714E082003308B9 /* GroupInfoViewModel.swift in Sources */ = {isa = PBXBuildFile; fileRef = FE62AAD52714E082003308B9 /* GroupInfoViewModel.swift */; };
		FE6CE08C24E7D9070000C17F /* GoogleService-Info.plist in Resources */ = {isa = PBXBuildFile; fileRef = FE6CE08B24E7D9070000C17F /* GoogleService-Info.plist */; };
		FE800648270CDB95005AECE5 /* GroupFormView.swift in Sources */ = {isa = PBXBuildFile; fileRef = FE800647270CDB95005AECE5 /* GroupFormView.swift */; };
		FE80064A270D06B2005AECE5 /* GroupFormViewModel.swift in Sources */ = {isa = PBXBuildFile; fileRef = FE800649270D06B2005AECE5 /* GroupFormViewModel.swift */; };
		FE80064D270E2F27005AECE5 /* UserModel.swift in Sources */ = {isa = PBXBuildFile; fileRef = FE80064C270E2F26005AECE5 /* UserModel.swift */; };
		FE80064F270E5790005AECE5 /* MultipleSelectionList.swift in Sources */ = {isa = PBXBuildFile; fileRef = FE80064E270E5790005AECE5 /* MultipleSelectionList.swift */; };
		FE86A05924D1E69200A8A627 /* AppDelegate.swift in Sources */ = {isa = PBXBuildFile; fileRef = FE86A05824D1E69200A8A627 /* AppDelegate.swift */; };
		FE86A05B24D1E69200A8A627 /* SceneDelegate.swift in Sources */ = {isa = PBXBuildFile; fileRef = FE86A05A24D1E69200A8A627 /* SceneDelegate.swift */; };
		FE86A05D24D1E69200A8A627 /* ContentView.swift in Sources */ = {isa = PBXBuildFile; fileRef = FE86A05C24D1E69200A8A627 /* ContentView.swift */; };
		FE86A05F24D1E69400A8A627 /* Assets.xcassets in Resources */ = {isa = PBXBuildFile; fileRef = FE86A05E24D1E69400A8A627 /* Assets.xcassets */; };
		FE86A06224D1E69400A8A627 /* Preview Assets.xcassets in Resources */ = {isa = PBXBuildFile; fileRef = FE86A06124D1E69400A8A627 /* Preview Assets.xcassets */; };
		FE86A06524D1E69400A8A627 /* LaunchScreen.storyboard in Resources */ = {isa = PBXBuildFile; fileRef = FE86A06324D1E69400A8A627 /* LaunchScreen.storyboard */; };
		FE86A06D24D1EA7600A8A627 /* LoginView.swift in Sources */ = {isa = PBXBuildFile; fileRef = FE86A06C24D1EA7600A8A627 /* LoginView.swift */; };
		FE86A09624D302F000A8A627 /* Colors.swift in Sources */ = {isa = PBXBuildFile; fileRef = FE86A09524D302F000A8A627 /* Colors.swift */; };
		FE86A09924D320A300A8A627 /* DefaultButton.swift in Sources */ = {isa = PBXBuildFile; fileRef = FE86A09824D320A300A8A627 /* DefaultButton.swift */; };
		FE86A09B24D35F4F00A8A627 /* DefaultTextField.swift in Sources */ = {isa = PBXBuildFile; fileRef = FE86A09A24D35F4F00A8A627 /* DefaultTextField.swift */; };
		FE86A09D24D3614900A8A627 /* DefaultSecureField.swift in Sources */ = {isa = PBXBuildFile; fileRef = FE86A09C24D3614900A8A627 /* DefaultSecureField.swift */; };
		FE893E0A271A04D400FCB696 /* FullScreenView.swift in Sources */ = {isa = PBXBuildFile; fileRef = FE893E09271A04D400FCB696 /* FullScreenView.swift */; };
		FE893E0D271A125400FCB696 /* GroupUsersView.swift in Sources */ = {isa = PBXBuildFile; fileRef = FE893E0C271A125400FCB696 /* GroupUsersView.swift */; };
		FE893E0F271A126600FCB696 /* GroupUsersViewModel.swift in Sources */ = {isa = PBXBuildFile; fileRef = FE893E0E271A126600FCB696 /* GroupUsersViewModel.swift */; };
		FE893E12271ACE7100FCB696 /* CreatePaymentFormView.swift in Sources */ = {isa = PBXBuildFile; fileRef = FE893E11271ACE7100FCB696 /* CreatePaymentFormView.swift */; };
		FE893E14271ACE8300FCB696 /* CreatePaymentFormViewModel.swift in Sources */ = {isa = PBXBuildFile; fileRef = FE893E13271ACE8300FCB696 /* CreatePaymentFormViewModel.swift */; };
		FE893E19271AD5E500FCB696 /* FullScreenFormView.swift in Sources */ = {isa = PBXBuildFile; fileRef = FE893E18271AD5E500FCB696 /* FullScreenFormView.swift */; };
		FEBDFEFE27137DAD0070F8CB /* UserSession.swift in Sources */ = {isa = PBXBuildFile; fileRef = FEBDFEFD27137DAD0070F8CB /* UserSession.swift */; };
		FEBDFF00271388620070F8CB /* UserProfileModel.swift in Sources */ = {isa = PBXBuildFile; fileRef = FEBDFEFF271388620070F8CB /* UserProfileModel.swift */; };
		FECDE39424DB737900FAFA41 /* LoginViewModel.swift in Sources */ = {isa = PBXBuildFile; fileRef = FECDE39324DB737900FAFA41 /* LoginViewModel.swift */; };
		FECF5043270B89A00004E1C5 /* BaseNavigationView.swift in Sources */ = {isa = PBXBuildFile; fileRef = FECF5042270B89A00004E1C5 /* BaseNavigationView.swift */; };
		FECF5045270B8A780004E1C5 /* BaseNavigationModel.swift in Sources */ = {isa = PBXBuildFile; fileRef = FECF5044270B8A780004E1C5 /* BaseNavigationModel.swift */; };
		FECF5048270B8B200004E1C5 /* PushContainerView.swift in Sources */ = {isa = PBXBuildFile; fileRef = FECF5047270B8B200004E1C5 /* PushContainerView.swift */; };
/* End PBXBuildFile section */

/* Begin PBXFileReference section */
		83025FB95471A11ECDE986A1 /* Pods-iPayment.release.xcconfig */ = {isa = PBXFileReference; includeInIndex = 1; lastKnownFileType = text.xcconfig; name = "Pods-iPayment.release.xcconfig"; path = "Target Support Files/Pods-iPayment/Pods-iPayment.release.xcconfig"; sourceTree = "<group>"; };
		E68036736865ACCACF96902E /* libPods-iPayment.a */ = {isa = PBXFileReference; explicitFileType = archive.ar; includeInIndex = 0; path = "libPods-iPayment.a"; sourceTree = BUILT_PRODUCTS_DIR; };
		E7F8B37E47715FCE79C766FF /* Pods-iPayment.debug.xcconfig */ = {isa = PBXFileReference; includeInIndex = 1; lastKnownFileType = text.xcconfig; name = "Pods-iPayment.debug.xcconfig"; path = "Target Support Files/Pods-iPayment/Pods-iPayment.debug.xcconfig"; sourceTree = "<group>"; };
		FE1F53BA26FFDC1C00893621 /* GroupsViewModel.swift */ = {isa = PBXFileReference; lastKnownFileType = sourcecode.swift; path = GroupsViewModel.swift; sourceTree = "<group>"; };
		FE1F53BC26FFDFA000893621 /* GroupModel.swift */ = {isa = PBXFileReference; lastKnownFileType = sourcecode.swift; path = GroupModel.swift; sourceTree = "<group>"; };
		FE1F53BE26FFE10D00893621 /* BaseListModel.swift */ = {isa = PBXFileReference; lastKnownFileType = sourcecode.swift; path = BaseListModel.swift; sourceTree = "<group>"; };
		FE1F53C127011ED900893621 /* BaseView.swift */ = {isa = PBXFileReference; lastKnownFileType = sourcecode.swift; path = BaseView.swift; sourceTree = "<group>"; };
		FE1F53C3270120C700893621 /* BaseViewModel.swift */ = {isa = PBXFileReference; lastKnownFileType = sourcecode.swift; path = BaseViewModel.swift; sourceTree = "<group>"; };
		FE1F53C62701252400893621 /* Api.swift */ = {isa = PBXFileReference; lastKnownFileType = sourcecode.swift; path = Api.swift; sourceTree = "<group>"; };
		FE1F53C92703281700893621 /* GroupView.swift */ = {isa = PBXFileReference; lastKnownFileType = sourcecode.swift; path = GroupView.swift; sourceTree = "<group>"; };
		FE1F53CB2703287900893621 /* GroupViewModel.swift */ = {isa = PBXFileReference; lastKnownFileType = sourcecode.swift; path = GroupViewModel.swift; sourceTree = "<group>"; };
		FE1F53CE27032A3A00893621 /* MainView.swift */ = {isa = PBXFileReference; lastKnownFileType = sourcecode.swift; path = MainView.swift; sourceTree = "<group>"; };
		FE1F53D027032A6F00893621 /* MainViewModel.swift */ = {isa = PBXFileReference; lastKnownFileType = sourcecode.swift; path = MainViewModel.swift; sourceTree = "<group>"; };
		FE1F53D327032B5000893621 /* ProfileView.swift */ = {isa = PBXFileReference; lastKnownFileType = sourcecode.swift; path = ProfileView.swift; sourceTree = "<group>"; };
		FE1F53D527032B5C00893621 /* ProfileViewModel.swift */ = {isa = PBXFileReference; lastKnownFileType = sourcecode.swift; path = ProfileViewModel.swift; sourceTree = "<group>"; };
		FE42339A2539CAD700C3AE0E /* GroupsView.swift */ = {isa = PBXFileReference; lastKnownFileType = sourcecode.swift; path = GroupsView.swift; sourceTree = "<group>"; };
		FE62791D2537619200ADC1A9 /* LoadingView.swift */ = {isa = PBXFileReference; lastKnownFileType = sourcecode.swift; path = LoadingView.swift; sourceTree = "<group>"; };
		FE62AACF2714DFB8003308B9 /* GroupDetailsView.swift */ = {isa = PBXFileReference; lastKnownFileType = sourcecode.swift; path = GroupDetailsView.swift; sourceTree = "<group>"; };
		FE62AAD12714DFC8003308B9 /* GroupDetailsViewModel.swift */ = {isa = PBXFileReference; lastKnownFileType = sourcecode.swift; path = GroupDetailsViewModel.swift; sourceTree = "<group>"; };
		FE62AAD32714E063003308B9 /* GroupInfoView.swift */ = {isa = PBXFileReference; lastKnownFileType = sourcecode.swift; path = GroupInfoView.swift; sourceTree = "<group>"; };
		FE62AAD52714E082003308B9 /* GroupInfoViewModel.swift */ = {isa = PBXFileReference; lastKnownFileType = sourcecode.swift; path = GroupInfoViewModel.swift; sourceTree = "<group>"; };
		FE6CE08B24E7D9070000C17F /* GoogleService-Info.plist */ = {isa = PBXFileReference; fileEncoding = 4; lastKnownFileType = text.plist.xml; name = "GoogleService-Info.plist"; path = "../../../Downloads/GoogleService-Info.plist"; sourceTree = "<group>"; };
		FE800647270CDB95005AECE5 /* GroupFormView.swift */ = {isa = PBXFileReference; lastKnownFileType = sourcecode.swift; path = GroupFormView.swift; sourceTree = "<group>"; };
		FE800649270D06B2005AECE5 /* GroupFormViewModel.swift */ = {isa = PBXFileReference; lastKnownFileType = sourcecode.swift; path = GroupFormViewModel.swift; sourceTree = "<group>"; };
		FE80064C270E2F26005AECE5 /* UserModel.swift */ = {isa = PBXFileReference; lastKnownFileType = sourcecode.swift; path = UserModel.swift; sourceTree = "<group>"; };
		FE80064E270E5790005AECE5 /* MultipleSelectionList.swift */ = {isa = PBXFileReference; lastKnownFileType = sourcecode.swift; path = MultipleSelectionList.swift; sourceTree = "<group>"; };
		FE86A05524D1E69200A8A627 /* iPayment.app */ = {isa = PBXFileReference; explicitFileType = wrapper.application; includeInIndex = 0; path = iPayment.app; sourceTree = BUILT_PRODUCTS_DIR; };
		FE86A05824D1E69200A8A627 /* AppDelegate.swift */ = {isa = PBXFileReference; lastKnownFileType = sourcecode.swift; path = AppDelegate.swift; sourceTree = "<group>"; };
		FE86A05A24D1E69200A8A627 /* SceneDelegate.swift */ = {isa = PBXFileReference; lastKnownFileType = sourcecode.swift; path = SceneDelegate.swift; sourceTree = "<group>"; };
		FE86A05C24D1E69200A8A627 /* ContentView.swift */ = {isa = PBXFileReference; lastKnownFileType = sourcecode.swift; path = ContentView.swift; sourceTree = "<group>"; };
		FE86A05E24D1E69400A8A627 /* Assets.xcassets */ = {isa = PBXFileReference; lastKnownFileType = folder.assetcatalog; path = Assets.xcassets; sourceTree = "<group>"; };
		FE86A06124D1E69400A8A627 /* Preview Assets.xcassets */ = {isa = PBXFileReference; lastKnownFileType = folder.assetcatalog; path = "Preview Assets.xcassets"; sourceTree = "<group>"; };
		FE86A06424D1E69400A8A627 /* Base */ = {isa = PBXFileReference; lastKnownFileType = file.storyboard; name = Base; path = Base.lproj/LaunchScreen.storyboard; sourceTree = "<group>"; };
		FE86A06624D1E69400A8A627 /* Info.plist */ = {isa = PBXFileReference; lastKnownFileType = text.plist.xml; path = Info.plist; sourceTree = "<group>"; };
		FE86A06C24D1EA7600A8A627 /* LoginView.swift */ = {isa = PBXFileReference; lastKnownFileType = sourcecode.swift; path = LoginView.swift; sourceTree = "<group>"; };
		FE86A09524D302F000A8A627 /* Colors.swift */ = {isa = PBXFileReference; lastKnownFileType = sourcecode.swift; path = Colors.swift; sourceTree = "<group>"; };
		FE86A09824D320A300A8A627 /* DefaultButton.swift */ = {isa = PBXFileReference; lastKnownFileType = sourcecode.swift; path = DefaultButton.swift; sourceTree = "<group>"; };
		FE86A09A24D35F4F00A8A627 /* DefaultTextField.swift */ = {isa = PBXFileReference; lastKnownFileType = sourcecode.swift; path = DefaultTextField.swift; sourceTree = "<group>"; };
		FE86A09C24D3614900A8A627 /* DefaultSecureField.swift */ = {isa = PBXFileReference; lastKnownFileType = sourcecode.swift; path = DefaultSecureField.swift; sourceTree = "<group>"; };
		FE893E09271A04D400FCB696 /* FullScreenView.swift */ = {isa = PBXFileReference; lastKnownFileType = sourcecode.swift; path = FullScreenView.swift; sourceTree = "<group>"; };
		FE893E0C271A125400FCB696 /* GroupUsersView.swift */ = {isa = PBXFileReference; lastKnownFileType = sourcecode.swift; path = GroupUsersView.swift; sourceTree = "<group>"; };
		FE893E0E271A126600FCB696 /* GroupUsersViewModel.swift */ = {isa = PBXFileReference; lastKnownFileType = sourcecode.swift; path = GroupUsersViewModel.swift; sourceTree = "<group>"; };
		FE893E11271ACE7100FCB696 /* CreatePaymentFormView.swift */ = {isa = PBXFileReference; lastKnownFileType = sourcecode.swift; path = CreatePaymentFormView.swift; sourceTree = "<group>"; };
		FE893E13271ACE8300FCB696 /* CreatePaymentFormViewModel.swift */ = {isa = PBXFileReference; lastKnownFileType = sourcecode.swift; path = CreatePaymentFormViewModel.swift; sourceTree = "<group>"; };
		FE893E18271AD5E500FCB696 /* FullScreenFormView.swift */ = {isa = PBXFileReference; lastKnownFileType = sourcecode.swift; path = FullScreenFormView.swift; sourceTree = "<group>"; };
		FEBDFEFD27137DAD0070F8CB /* UserSession.swift */ = {isa = PBXFileReference; lastKnownFileType = sourcecode.swift; path = UserSession.swift; sourceTree = "<group>"; };
		FEBDFEFF271388620070F8CB /* UserProfileModel.swift */ = {isa = PBXFileReference; lastKnownFileType = sourcecode.swift; path = UserProfileModel.swift; sourceTree = "<group>"; };
		FECDE39324DB737900FAFA41 /* LoginViewModel.swift */ = {isa = PBXFileReference; lastKnownFileType = sourcecode.swift; path = LoginViewModel.swift; sourceTree = "<group>"; };
		FECF5042270B89A00004E1C5 /* BaseNavigationView.swift */ = {isa = PBXFileReference; lastKnownFileType = sourcecode.swift; path = BaseNavigationView.swift; sourceTree = "<group>"; };
		FECF5044270B8A780004E1C5 /* BaseNavigationModel.swift */ = {isa = PBXFileReference; lastKnownFileType = sourcecode.swift; path = BaseNavigationModel.swift; sourceTree = "<group>"; };
		FECF5047270B8B200004E1C5 /* PushContainerView.swift */ = {isa = PBXFileReference; lastKnownFileType = sourcecode.swift; path = PushContainerView.swift; sourceTree = "<group>"; };
/* End PBXFileReference section */

/* Begin PBXFrameworksBuildPhase section */
		FE86A05224D1E69200A8A627 /* Frameworks */ = {
			isa = PBXFrameworksBuildPhase;
			buildActionMask = 2147483647;
			files = (
				4A5669E31D002453BDE77C67 /* libPods-iPayment.a in Frameworks */,
			);
			runOnlyForDeploymentPostprocessing = 0;
		};
/* End PBXFrameworksBuildPhase section */

/* Begin PBXGroup section */
		744C70895EF85A8A0DEC8E72 /* Frameworks */ = {
			isa = PBXGroup;
			children = (
				E68036736865ACCACF96902E /* libPods-iPayment.a */,
			);
			name = Frameworks;
			sourceTree = "<group>";
		};
		B0D34C1D5933B7461D7F3519 /* Pods */ = {
			isa = PBXGroup;
			children = (
				E7F8B37E47715FCE79C766FF /* Pods-iPayment.debug.xcconfig */,
				83025FB95471A11ECDE986A1 /* Pods-iPayment.release.xcconfig */,
			);
			path = Pods;
			sourceTree = "<group>";
		};
		FE1F53C027011EB800893621 /* Infrastructure */ = {
			isa = PBXGroup;
			children = (
				FECF5046270B8AD60004E1C5 /* BaseViewNavigation */,
				FE1F53C52701251100893621 /* Networking */,
				FE1F53C127011ED900893621 /* BaseView.swift */,
				FE1F53C3270120C700893621 /* BaseViewModel.swift */,
				FEBDFEFD27137DAD0070F8CB /* UserSession.swift */,
				FE893E09271A04D400FCB696 /* FullScreenView.swift */,
				FE893E18271AD5E500FCB696 /* FullScreenFormView.swift */,
			);
			path = Infrastructure;
			sourceTree = "<group>";
		};
		FE1F53C52701251100893621 /* Networking */ = {
			isa = PBXGroup;
			children = (
				FE1F53C62701252400893621 /* Api.swift */,
			);
			path = Networking;
			sourceTree = "<group>";
		};
		FE1F53C82703280800893621 /* GroupScreen */ = {
			isa = PBXGroup;
			children = (
				FE1F53C92703281700893621 /* GroupView.swift */,
				FE1F53CB2703287900893621 /* GroupViewModel.swift */,
			);
			path = GroupScreen;
			sourceTree = "<group>";
		};
		FE1F53CD27032A2D00893621 /* MainScreen */ = {
			isa = PBXGroup;
			children = (
				FE1F53CE27032A3A00893621 /* MainView.swift */,
				FE1F53D027032A6F00893621 /* MainViewModel.swift */,
			);
			path = MainScreen;
			sourceTree = "<group>";
		};
		FE1F53D227032B4200893621 /* ProfileScreen */ = {
			isa = PBXGroup;
			children = (
				FE1F53D327032B5000893621 /* ProfileView.swift */,
				FE1F53D527032B5C00893621 /* ProfileViewModel.swift */,
			);
			path = ProfileScreen;
			sourceTree = "<group>";
		};
		FE62AACC2714DF0B003308B9 /* GroupFormScreen */ = {
			isa = PBXGroup;
			children = (
				FE800647270CDB95005AECE5 /* GroupFormView.swift */,
				FE800649270D06B2005AECE5 /* GroupFormViewModel.swift */,
			);
			path = GroupFormScreen;
			sourceTree = "<group>";
		};
		FE62AACD2714DF41003308B9 /* GroupDetailsScreen */ = {
			isa = PBXGroup;
			children = (
				FE62AACF2714DFB8003308B9 /* GroupDetailsView.swift */,
				FE62AAD12714DFC8003308B9 /* GroupDetailsViewModel.swift */,
			);
			path = GroupDetailsScreen;
			sourceTree = "<group>";
		};
		FE62AACE2714DF54003308B9 /* GroupInfoScreen */ = {
			isa = PBXGroup;
			children = (
				FE62AAD32714E063003308B9 /* GroupInfoView.swift */,
				FE62AAD52714E082003308B9 /* GroupInfoViewModel.swift */,
			);
			path = GroupInfoScreen;
			sourceTree = "<group>";
		};
		FE6CE08F24E808C60000C17F /* Models */ = {
			isa = PBXGroup;
			children = (
				FE1F53BC26FFDFA000893621 /* GroupModel.swift */,
				FE1F53BE26FFE10D00893621 /* BaseListModel.swift */,
				FE80064C270E2F26005AECE5 /* UserModel.swift */,
				FEBDFEFF271388620070F8CB /* UserProfileModel.swift */,
			);
			path = Models;
			sourceTree = "<group>";
		};
		FE80064B270E2E3F005AECE5 /* Screens */ = {
			isa = PBXGroup;
			children = (
				FE893E10271ACE1000FCB696 /* CreatePaymentScreen */,
				FE893E0B271A123E00FCB696 /* GroupUsersScreen */,
				FE62AACE2714DF54003308B9 /* GroupInfoScreen */,
				FE62AACD2714DF41003308B9 /* GroupDetailsScreen */,
				FE62AACC2714DF0B003308B9 /* GroupFormScreen */,
				FE1F53D227032B4200893621 /* ProfileScreen */,
				FE1F53CD27032A2D00893621 /* MainScreen */,
				FE1F53C82703280800893621 /* GroupScreen */,
				FECDE39224DB72C900FAFA41 /* GroupsScreen */,
				FE86A07124D2059A00A8A627 /* LoginScreen */,
			);
			path = Screens;
			sourceTree = "<group>";
		};
		FE86A04C24D1E69200A8A627 = {
			isa = PBXGroup;
			children = (
				FE86A05724D1E69200A8A627 /* iPayment */,
				FE86A05624D1E69200A8A627 /* Products */,
				B0D34C1D5933B7461D7F3519 /* Pods */,
				744C70895EF85A8A0DEC8E72 /* Frameworks */,
			);
			sourceTree = "<group>";
		};
		FE86A05624D1E69200A8A627 /* Products */ = {
			isa = PBXGroup;
			children = (
				FE86A05524D1E69200A8A627 /* iPayment.app */,
			);
			name = Products;
			sourceTree = "<group>";
		};
		FE86A05724D1E69200A8A627 /* iPayment */ = {
			isa = PBXGroup;
			children = (
				FE80064B270E2E3F005AECE5 /* Screens */,
				FE1F53C027011EB800893621 /* Infrastructure */,
				FE6CE08F24E808C60000C17F /* Models */,
				FE86A09724D3208C00A8A627 /* Components */,
				FE86A09424D302C300A8A627 /* Resources */,
				FE86A05A24D1E69200A8A627 /* SceneDelegate.swift */,
				FE86A05824D1E69200A8A627 /* AppDelegate.swift */,
				FE86A05C24D1E69200A8A627 /* ContentView.swift */,
				FE86A05E24D1E69400A8A627 /* Assets.xcassets */,
				FE86A06324D1E69400A8A627 /* LaunchScreen.storyboard */,
				FE86A06624D1E69400A8A627 /* Info.plist */,
				FE6CE08B24E7D9070000C17F /* GoogleService-Info.plist */,
				FE86A06024D1E69400A8A627 /* Preview Content */,
			);
			path = iPayment;
			sourceTree = "<group>";
		};
		FE86A06024D1E69400A8A627 /* Preview Content */ = {
			isa = PBXGroup;
			children = (
				FE86A06124D1E69400A8A627 /* Preview Assets.xcassets */,
			);
			path = "Preview Content";
			sourceTree = "<group>";
		};
		FE86A07124D2059A00A8A627 /* LoginScreen */ = {
			isa = PBXGroup;
			children = (
				FE86A06C24D1EA7600A8A627 /* LoginView.swift */,
				FECDE39324DB737900FAFA41 /* LoginViewModel.swift */,
			);
			path = LoginScreen;
			sourceTree = "<group>";
		};
		FE86A09424D302C300A8A627 /* Resources */ = {
			isa = PBXGroup;
			children = (
				FE86A09524D302F000A8A627 /* Colors.swift */,
			);
			path = Resources;
			sourceTree = "<group>";
		};
		FE86A09724D3208C00A8A627 /* Components */ = {
			isa = PBXGroup;
			children = (
				FE86A09824D320A300A8A627 /* DefaultButton.swift */,
				FE86A09A24D35F4F00A8A627 /* DefaultTextField.swift */,
				FE86A09C24D3614900A8A627 /* DefaultSecureField.swift */,
				FE62791D2537619200ADC1A9 /* LoadingView.swift */,
				FE80064E270E5790005AECE5 /* MultipleSelectionList.swift */,
			);
			path = Components;
			sourceTree = "<group>";
		};
		FE893E0B271A123E00FCB696 /* GroupUsersScreen */ = {
			isa = PBXGroup;
			children = (
				FE893E0C271A125400FCB696 /* GroupUsersView.swift */,
				FE893E0E271A126600FCB696 /* GroupUsersViewModel.swift */,
			);
			path = GroupUsersScreen;
			sourceTree = "<group>";
		};
		FE893E10271ACE1000FCB696 /* CreatePaymentScreen */ = {
			isa = PBXGroup;
			children = (
				FE893E11271ACE7100FCB696 /* CreatePaymentFormView.swift */,
				FE893E13271ACE8300FCB696 /* CreatePaymentFormViewModel.swift */,
			);
			path = CreatePaymentScreen;
			sourceTree = "<group>";
		};
		FECDE39224DB72C900FAFA41 /* GroupsScreen */ = {
			isa = PBXGroup;
			children = (
				FE42339A2539CAD700C3AE0E /* GroupsView.swift */,
				FE1F53BA26FFDC1C00893621 /* GroupsViewModel.swift */,
			);
			path = GroupsScreen;
			sourceTree = "<group>";
		};
		FECF5046270B8AD60004E1C5 /* BaseViewNavigation */ = {
			isa = PBXGroup;
			children = (
				FECF5042270B89A00004E1C5 /* BaseNavigationView.swift */,
				FECF5044270B8A780004E1C5 /* BaseNavigationModel.swift */,
				FECF5047270B8B200004E1C5 /* PushContainerView.swift */,
			);
			path = BaseViewNavigation;
			sourceTree = "<group>";
		};
/* End PBXGroup section */

/* Begin PBXNativeTarget section */
		FE86A05424D1E69200A8A627 /* iPayment */ = {
			isa = PBXNativeTarget;
			buildConfigurationList = FE86A06924D1E69400A8A627 /* Build configuration list for PBXNativeTarget "iPayment" */;
			buildPhases = (
				C8962F385EB0E30D70D5D01E /* [CP] Check Pods Manifest.lock */,
				FE86A05124D1E69200A8A627 /* Sources */,
				FE86A05224D1E69200A8A627 /* Frameworks */,
				FE86A05324D1E69200A8A627 /* Resources */,
				C2CB83B023202EB2F8B3EE61 /* [CP] Copy Pods Resources */,
			);
			buildRules = (
			);
			dependencies = (
			);
			name = iPayment;
			productName = iPayment;
			productReference = FE86A05524D1E69200A8A627 /* iPayment.app */;
			productType = "com.apple.product-type.application";
		};
/* End PBXNativeTarget section */

/* Begin PBXProject section */
		FE86A04D24D1E69200A8A627 /* Project object */ = {
			isa = PBXProject;
			attributes = {
				LastSwiftUpdateCheck = 1160;
				LastUpgradeCheck = 1200;
				ORGANIZATIONNAME = "Alaa Khoury";
				TargetAttributes = {
					FE86A05424D1E69200A8A627 = {
						CreatedOnToolsVersion = 11.6;
					};
				};
			};
			buildConfigurationList = FE86A05024D1E69200A8A627 /* Build configuration list for PBXProject "iPayment" */;
			compatibilityVersion = "Xcode 9.3";
			developmentRegion = en;
			hasScannedForEncodings = 0;
			knownRegions = (
				en,
				Base,
			);
			mainGroup = FE86A04C24D1E69200A8A627;
			productRefGroup = FE86A05624D1E69200A8A627 /* Products */;
			projectDirPath = "";
			projectRoot = "";
			targets = (
				FE86A05424D1E69200A8A627 /* iPayment */,
			);
		};
/* End PBXProject section */

/* Begin PBXResourcesBuildPhase section */
		FE86A05324D1E69200A8A627 /* Resources */ = {
			isa = PBXResourcesBuildPhase;
			buildActionMask = 2147483647;
			files = (
				FE86A06524D1E69400A8A627 /* LaunchScreen.storyboard in Resources */,
				FE6CE08C24E7D9070000C17F /* GoogleService-Info.plist in Resources */,
				FE86A06224D1E69400A8A627 /* Preview Assets.xcassets in Resources */,
				FE86A05F24D1E69400A8A627 /* Assets.xcassets in Resources */,
			);
			runOnlyForDeploymentPostprocessing = 0;
		};
/* End PBXResourcesBuildPhase section */

/* Begin PBXShellScriptBuildPhase section */
		C2CB83B023202EB2F8B3EE61 /* [CP] Copy Pods Resources */ = {
			isa = PBXShellScriptBuildPhase;
			buildActionMask = 2147483647;
			files = (
			);
			inputFileListPaths = (
				"${PODS_ROOT}/Target Support Files/Pods-iPayment/Pods-iPayment-resources-${CONFIGURATION}-input-files.xcfilelist",
			);
			name = "[CP] Copy Pods Resources";
			outputFileListPaths = (
				"${PODS_ROOT}/Target Support Files/Pods-iPayment/Pods-iPayment-resources-${CONFIGURATION}-output-files.xcfilelist",
			);
			runOnlyForDeploymentPostprocessing = 0;
			shellPath = /bin/sh;
			shellScript = "\"${PODS_ROOT}/Target Support Files/Pods-iPayment/Pods-iPayment-resources.sh\"\n";
			showEnvVarsInLog = 0;
		};
		C8962F385EB0E30D70D5D01E /* [CP] Check Pods Manifest.lock */ = {
			isa = PBXShellScriptBuildPhase;
			buildActionMask = 2147483647;
			files = (
			);
			inputFileListPaths = (
			);
			inputPaths = (
				"${PODS_PODFILE_DIR_PATH}/Podfile.lock",
				"${PODS_ROOT}/Manifest.lock",
			);
			name = "[CP] Check Pods Manifest.lock";
			outputFileListPaths = (
			);
			outputPaths = (
				"$(DERIVED_FILE_DIR)/Pods-iPayment-checkManifestLockResult.txt",
			);
			runOnlyForDeploymentPostprocessing = 0;
			shellPath = /bin/sh;
			shellScript = "diff \"${PODS_PODFILE_DIR_PATH}/Podfile.lock\" \"${PODS_ROOT}/Manifest.lock\" > /dev/null\nif [ $? != 0 ] ; then\n    # print error to STDERR\n    echo \"error: The sandbox is not in sync with the Podfile.lock. Run 'pod install' or update your CocoaPods installation.\" >&2\n    exit 1\nfi\n# This output is used by Xcode 'outputs' to avoid re-running this script phase.\necho \"SUCCESS\" > \"${SCRIPT_OUTPUT_FILE_0}\"\n";
			showEnvVarsInLog = 0;
		};
/* End PBXShellScriptBuildPhase section */

/* Begin PBXSourcesBuildPhase section */
		FE86A05124D1E69200A8A627 /* Sources */ = {
			isa = PBXSourcesBuildPhase;
			buildActionMask = 2147483647;
			files = (
				FE893E0F271A126600FCB696 /* GroupUsersViewModel.swift in Sources */,
				FE1F53BB26FFDC1C00893621 /* GroupsViewModel.swift in Sources */,
				FE893E0D271A125400FCB696 /* GroupUsersView.swift in Sources */,
				FE86A05924D1E69200A8A627 /* AppDelegate.swift in Sources */,
				FE1F53CA2703281700893621 /* GroupView.swift in Sources */,
				FE80064D270E2F27005AECE5 /* UserModel.swift in Sources */,
				FE62AAD62714E082003308B9 /* GroupInfoViewModel.swift in Sources */,
				FE86A09624D302F000A8A627 /* Colors.swift in Sources */,
				FE893E14271ACE8300FCB696 /* CreatePaymentFormViewModel.swift in Sources */,
				FE86A05B24D1E69200A8A627 /* SceneDelegate.swift in Sources */,
				FE80064F270E5790005AECE5 /* MultipleSelectionList.swift in Sources */,
				FE62791E2537619200ADC1A9 /* LoadingView.swift in Sources */,
				FE800648270CDB95005AECE5 /* GroupFormView.swift in Sources */,
				FE1F53C72701252400893621 /* Api.swift in Sources */,
				FE1F53C4270120C700893621 /* BaseViewModel.swift in Sources */,
				FE86A09D24D3614900A8A627 /* DefaultSecureField.swift in Sources */,
				FECF5043270B89A00004E1C5 /* BaseNavigationView.swift in Sources */,
				FE1F53BD26FFDFA000893621 /* GroupModel.swift in Sources */,
				FE86A09B24D35F4F00A8A627 /* DefaultTextField.swift in Sources */,
				FE893E19271AD5E500FCB696 /* FullScreenFormView.swift in Sources */,
				FE86A06D24D1EA7600A8A627 /* LoginView.swift in Sources */,
				FECF5045270B8A780004E1C5 /* BaseNavigationModel.swift in Sources */,
				FE62AAD02714DFB8003308B9 /* GroupDetailsView.swift in Sources */,
				FE86A05D24D1E69200A8A627 /* ContentView.swift in Sources */,
				FEBDFF00271388620070F8CB /* UserProfileModel.swift in Sources */,
				FE80064A270D06B2005AECE5 /* GroupFormViewModel.swift in Sources */,
				FE1F53CF27032A3A00893621 /* MainView.swift in Sources */,
				FEBDFEFE27137DAD0070F8CB /* UserSession.swift in Sources */,
				FE1F53D127032A6F00893621 /* MainViewModel.swift in Sources */,
				FE1F53D627032B5C00893621 /* ProfileViewModel.swift in Sources */,
				FE62AAD22714DFC8003308B9 /* GroupDetailsViewModel.swift in Sources */,
				FE86A09924D320A300A8A627 /* DefaultButton.swift in Sources */,
				FE1F53BF26FFE10D00893621 /* BaseListModel.swift in Sources */,
				FECF5048270B8B200004E1C5 /* PushContainerView.swift in Sources */,
				FE1F53C227011ED900893621 /* BaseView.swift in Sources */,
				FE42339B2539CAD700C3AE0E /* GroupsView.swift in Sources */,
				FE1F53CC2703287900893621 /* GroupViewModel.swift in Sources */,
				FE1F53D427032B5000893621 /* ProfileView.swift in Sources */,
				FE893E0A271A04D400FCB696 /* FullScreenView.swift in Sources */,
				FECDE39424DB737900FAFA41 /* LoginViewModel.swift in Sources */,
				FE62AAD42714E063003308B9 /* GroupInfoView.swift in Sources */,
				FE893E12271ACE7100FCB696 /* CreatePaymentFormView.swift in Sources */,
			);
			runOnlyForDeploymentPostprocessing = 0;
		};
/* End PBXSourcesBuildPhase section */

/* Begin PBXVariantGroup section */
		FE86A06324D1E69400A8A627 /* LaunchScreen.storyboard */ = {
			isa = PBXVariantGroup;
			children = (
				FE86A06424D1E69400A8A627 /* Base */,
			);
			name = LaunchScreen.storyboard;
			sourceTree = "<group>";
		};
/* End PBXVariantGroup section */

/* Begin XCBuildConfiguration section */
		FE86A06724D1E69400A8A627 /* Debug */ = {
			isa = XCBuildConfiguration;
			buildSettings = {
				ALWAYS_SEARCH_USER_PATHS = NO;
				CLANG_ANALYZER_NONNULL = YES;
				CLANG_ANALYZER_NUMBER_OBJECT_CONVERSION = YES_AGGRESSIVE;
				CLANG_CXX_LANGUAGE_STANDARD = "gnu++14";
				CLANG_CXX_LIBRARY = "libc++";
				CLANG_ENABLE_MODULES = YES;
				CLANG_ENABLE_OBJC_ARC = YES;
				CLANG_ENABLE_OBJC_WEAK = YES;
				CLANG_WARN_BLOCK_CAPTURE_AUTORELEASING = YES;
				CLANG_WARN_BOOL_CONVERSION = YES;
				CLANG_WARN_COMMA = YES;
				CLANG_WARN_CONSTANT_CONVERSION = YES;
				CLANG_WARN_DEPRECATED_OBJC_IMPLEMENTATIONS = YES;
				CLANG_WARN_DIRECT_OBJC_ISA_USAGE = YES_ERROR;
				CLANG_WARN_DOCUMENTATION_COMMENTS = YES;
				CLANG_WARN_EMPTY_BODY = YES;
				CLANG_WARN_ENUM_CONVERSION = YES;
				CLANG_WARN_INFINITE_RECURSION = YES;
				CLANG_WARN_INT_CONVERSION = YES;
				CLANG_WARN_NON_LITERAL_NULL_CONVERSION = YES;
				CLANG_WARN_OBJC_IMPLICIT_RETAIN_SELF = YES;
				CLANG_WARN_OBJC_LITERAL_CONVERSION = YES;
				CLANG_WARN_OBJC_ROOT_CLASS = YES_ERROR;
				CLANG_WARN_QUOTED_INCLUDE_IN_FRAMEWORK_HEADER = YES;
				CLANG_WARN_RANGE_LOOP_ANALYSIS = YES;
				CLANG_WARN_STRICT_PROTOTYPES = YES;
				CLANG_WARN_SUSPICIOUS_MOVE = YES;
				CLANG_WARN_UNGUARDED_AVAILABILITY = YES_AGGRESSIVE;
				CLANG_WARN_UNREACHABLE_CODE = YES;
				CLANG_WARN__DUPLICATE_METHOD_MATCH = YES;
				COPY_PHASE_STRIP = NO;
				DEBUG_INFORMATION_FORMAT = dwarf;
				ENABLE_STRICT_OBJC_MSGSEND = YES;
				ENABLE_TESTABILITY = YES;
				GCC_C_LANGUAGE_STANDARD = gnu11;
				GCC_DYNAMIC_NO_PIC = NO;
				GCC_NO_COMMON_BLOCKS = YES;
				GCC_OPTIMIZATION_LEVEL = 0;
				GCC_PREPROCESSOR_DEFINITIONS = (
					"DEBUG=1",
					"$(inherited)",
				);
				GCC_WARN_64_TO_32_BIT_CONVERSION = YES;
				GCC_WARN_ABOUT_RETURN_TYPE = YES_ERROR;
				GCC_WARN_UNDECLARED_SELECTOR = YES;
				GCC_WARN_UNINITIALIZED_AUTOS = YES_AGGRESSIVE;
				GCC_WARN_UNUSED_FUNCTION = YES;
				GCC_WARN_UNUSED_VARIABLE = YES;
				IPHONEOS_DEPLOYMENT_TARGET = 13.6;
				MTL_ENABLE_DEBUG_INFO = INCLUDE_SOURCE;
				MTL_FAST_MATH = YES;
				ONLY_ACTIVE_ARCH = YES;
				SDKROOT = iphoneos;
				SWIFT_ACTIVE_COMPILATION_CONDITIONS = DEBUG;
				SWIFT_OPTIMIZATION_LEVEL = "-Onone";
			};
			name = Debug;
		};
		FE86A06824D1E69400A8A627 /* Release */ = {
			isa = XCBuildConfiguration;
			buildSettings = {
				ALWAYS_SEARCH_USER_PATHS = NO;
				CLANG_ANALYZER_NONNULL = YES;
				CLANG_ANALYZER_NUMBER_OBJECT_CONVERSION = YES_AGGRESSIVE;
				CLANG_CXX_LANGUAGE_STANDARD = "gnu++14";
				CLANG_CXX_LIBRARY = "libc++";
				CLANG_ENABLE_MODULES = YES;
				CLANG_ENABLE_OBJC_ARC = YES;
				CLANG_ENABLE_OBJC_WEAK = YES;
				CLANG_WARN_BLOCK_CAPTURE_AUTORELEASING = YES;
				CLANG_WARN_BOOL_CONVERSION = YES;
				CLANG_WARN_COMMA = YES;
				CLANG_WARN_CONSTANT_CONVERSION = YES;
				CLANG_WARN_DEPRECATED_OBJC_IMPLEMENTATIONS = YES;
				CLANG_WARN_DIRECT_OBJC_ISA_USAGE = YES_ERROR;
				CLANG_WARN_DOCUMENTATION_COMMENTS = YES;
				CLANG_WARN_EMPTY_BODY = YES;
				CLANG_WARN_ENUM_CONVERSION = YES;
				CLANG_WARN_INFINITE_RECURSION = YES;
				CLANG_WARN_INT_CONVERSION = YES;
				CLANG_WARN_NON_LITERAL_NULL_CONVERSION = YES;
				CLANG_WARN_OBJC_IMPLICIT_RETAIN_SELF = YES;
				CLANG_WARN_OBJC_LITERAL_CONVERSION = YES;
				CLANG_WARN_OBJC_ROOT_CLASS = YES_ERROR;
				CLANG_WARN_QUOTED_INCLUDE_IN_FRAMEWORK_HEADER = YES;
				CLANG_WARN_RANGE_LOOP_ANALYSIS = YES;
				CLANG_WARN_STRICT_PROTOTYPES = YES;
				CLANG_WARN_SUSPICIOUS_MOVE = YES;
				CLANG_WARN_UNGUARDED_AVAILABILITY = YES_AGGRESSIVE;
				CLANG_WARN_UNREACHABLE_CODE = YES;
				CLANG_WARN__DUPLICATE_METHOD_MATCH = YES;
				COPY_PHASE_STRIP = NO;
				DEBUG_INFORMATION_FORMAT = "dwarf-with-dsym";
				ENABLE_NS_ASSERTIONS = NO;
				ENABLE_STRICT_OBJC_MSGSEND = YES;
				GCC_C_LANGUAGE_STANDARD = gnu11;
				GCC_NO_COMMON_BLOCKS = YES;
				GCC_WARN_64_TO_32_BIT_CONVERSION = YES;
				GCC_WARN_ABOUT_RETURN_TYPE = YES_ERROR;
				GCC_WARN_UNDECLARED_SELECTOR = YES;
				GCC_WARN_UNINITIALIZED_AUTOS = YES_AGGRESSIVE;
				GCC_WARN_UNUSED_FUNCTION = YES;
				GCC_WARN_UNUSED_VARIABLE = YES;
				IPHONEOS_DEPLOYMENT_TARGET = 13.6;
				MTL_ENABLE_DEBUG_INFO = NO;
				MTL_FAST_MATH = YES;
				SDKROOT = iphoneos;
				SWIFT_COMPILATION_MODE = wholemodule;
				SWIFT_OPTIMIZATION_LEVEL = "-O";
				VALIDATE_PRODUCT = YES;
			};
			name = Release;
		};
		FE86A06A24D1E69400A8A627 /* Debug */ = {
			isa = XCBuildConfiguration;
			baseConfigurationReference = E7F8B37E47715FCE79C766FF /* Pods-iPayment.debug.xcconfig */;
			buildSettings = {
				ASSETCATALOG_COMPILER_APPICON_NAME = AppIcon;
				CODE_SIGN_STYLE = Automatic;
				DEVELOPMENT_ASSET_PATHS = "\"iPayment/Preview Content\"";
				DEVELOPMENT_TEAM = 2MT5XC3W26;
				ENABLE_PREVIEWS = YES;
				INFOPLIST_FILE = iPayment/Info.plist;
				LD_RUNPATH_SEARCH_PATHS = (
					"$(inherited)",
					"@executable_path/Frameworks",
				);
				PRODUCT_BUNDLE_IDENTIFIER = com.iPayment;
				PRODUCT_NAME = "$(TARGET_NAME)";
				SWIFT_VERSION = 5.0;
				TARGETED_DEVICE_FAMILY = 1;
			};
			name = Debug;
		};
		FE86A06B24D1E69400A8A627 /* Release */ = {
			isa = XCBuildConfiguration;
			baseConfigurationReference = 83025FB95471A11ECDE986A1 /* Pods-iPayment.release.xcconfig */;
			buildSettings = {
				ASSETCATALOG_COMPILER_APPICON_NAME = AppIcon;
				CODE_SIGN_STYLE = Automatic;
				DEVELOPMENT_ASSET_PATHS = "\"iPayment/Preview Content\"";
				DEVELOPMENT_TEAM = 2MT5XC3W26;
				ENABLE_PREVIEWS = YES;
				INFOPLIST_FILE = iPayment/Info.plist;
				LD_RUNPATH_SEARCH_PATHS = (
					"$(inherited)",
					"@executable_path/Frameworks",
				);
				PRODUCT_BUNDLE_IDENTIFIER = com.iPayment;
				PRODUCT_NAME = "$(TARGET_NAME)";
				SWIFT_VERSION = 5.0;
				TARGETED_DEVICE_FAMILY = 1;
			};
			name = Release;
		};
/* End XCBuildConfiguration section */

/* Begin XCConfigurationList section */
		FE86A05024D1E69200A8A627 /* Build configuration list for PBXProject "iPayment" */ = {
			isa = XCConfigurationList;
			buildConfigurations = (
				FE86A06724D1E69400A8A627 /* Debug */,
				FE86A06824D1E69400A8A627 /* Release */,
			);
			defaultConfigurationIsVisible = 0;
			defaultConfigurationName = Release;
		};
		FE86A06924D1E69400A8A627 /* Build configuration list for PBXNativeTarget "iPayment" */ = {
			isa = XCConfigurationList;
			buildConfigurations = (
				FE86A06A24D1E69400A8A627 /* Debug */,
				FE86A06B24D1E69400A8A627 /* Release */,
			);
			defaultConfigurationIsVisible = 0;
			defaultConfigurationName = Release;
		};
/* End XCConfigurationList section */
	};
	rootObject = FE86A04D24D1E69200A8A627 /* Project object */;
}
